
Microsoft Visual Studio Solution File, Format Version 12.00
# Visual Studio Version 16
VisualStudioVersion = 16.0.31829.152
MinimumVisualStudioVersion = 10.0.40219.1
Project("{FAE04EC0-301F-11D3-BF4B-00C04F79EFBC}") = "WebApplication", "WebApplication\WebApplication.csproj", "{B4401BAF-CB73-4D67-AC02-62EE8023FBF7}"
EndProject
Global
	GlobalSection(SolutionConfigurationPlatforms) = preSolution
		Debug|Any CPU = Debug|Any CPU
		Release|Any CPU = Release|Any CPU
	EndGlobalSection
	GlobalSection(ProjectConfigurationPlatforms) = postSolution
		{B4401BAF-CB73-4D67-AC02-62EE8023FBF7}.Debug|Any CPU.ActiveCfg = Debug|Any CPU
		{B4401BAF-CB73-4D67-AC02-62EE8023FBF7}.Debug|Any CPU.Build.0 = Debug|Any CPU
		{B4401BAF-CB73-4D67-AC02-62EE8023FBF7}.Release|Any CPU.ActiveCfg = Release|Any CPU
		{B4401BAF-CB73-4D67-AC02-62EE8023FBF7}.Release|Any CPU.Build.0 = Release|Any CPU
	EndGlobalSection
	GlobalSection(SolutionProperties) = preSolution
		HideSolutionNode = FALSE
	EndGlobalSection
	GlobalSection(ExtensibilityGlobals) = postSolution
		SolutionGuid = {503D0B9A-78DC-4C54-8DD5-90DD36DEADAF}
	EndGlobalSection
EndGlobal
